PODS:
  - AEXML (4.0.1)
  - Mapbox-iOS-SDK (3.3.7)

DEPENDENCIES:
  - AEXML
  - Mapbox-iOS-SDK (~> 3.3)

SPEC CHECKSUMS:
  AEXML: 905e50474c0a261d335aa8be4ee32d22d69b6fd5
  Mapbox-iOS-SDK: 142301fa63a6719cbd2eacc0f9e8bf36c65930d9

PODFILE CHECKSUM: d3f597b5fe709f2095e78f5e1ce8f86375e1d300

COCOAPODS: 1.1.1
